
Microsoft Visual Studio Solution File, Format Version 12.00
# Visual Studio 15
VisualStudioVersion = 15.0.27004.2006
MinimumVisualStudioVersion = 10.0.40219.1
Project("{FAE04EC0-301F-11D3-BF4B-00C04F79EFBC}") = "MillionaireGame.UI", "MillionaireGame.UI\MillionaireGame.UI.csproj", "{ADD0BCC2-8E54-436C-97DF-34C035D2693C}"
EndProject
Project("{FAE04EC0-301F-11D3-BF4B-00C04F79EFBC}") = "MillionareGame.Data", "MillionareGame.Data\MillionareGame.Data.csproj", "{FA3A77B7-DD3E-4F8B-BFA7-6A293B734DDF}"
EndProject
Global
	GlobalSection(SolutionConfigurationPlatforms) = preSolution
		Debug|Any CPU = Debug|Any CPU
		Release|Any CPU = Release|Any CPU
	EndGlobalSection
	GlobalSection(ProjectConfigurationPlatforms) = postSolution
		{ADD0BCC2-8E54-436C-97DF-34C035D2693C}.Debug|Any CPU.ActiveCfg = Debug|Any CPU
		{ADD0BCC2-8E54-436C-97DF-34C035D2693C}.Debug|Any CPU.Build.0 = Debug|Any CPU
		{ADD0BCC2-8E54-436C-97DF-34C035D2693C}.Release|Any CPU.ActiveCfg = Release|Any CPU
		{ADD0BCC2-8E54-436C-97DF-34C035D2693C}.Release|Any CPU.Build.0 = Release|Any CPU
		{FA3A77B7-DD3E-4F8B-BFA7-6A293B734DDF}.Debug|Any CPU.ActiveCfg = Debug|Any CPU
		{FA3A77B7-DD3E-4F8B-BFA7-6A293B734DDF}.Debug|Any CPU.Build.0 = Debug|Any CPU
		{FA3A77B7-DD3E-4F8B-BFA7-6A293B734DDF}.Release|Any CPU.ActiveCfg = Release|Any CPU
		{FA3A77B7-DD3E-4F8B-BFA7-6A293B734DDF}.Release|Any CPU.Build.0 = Release|Any CPU
	EndGlobalSection
	GlobalSection(SolutionProperties) = preSolution
		HideSolutionNode = FALSE
	EndGlobalSection
	GlobalSection(ExtensibilityGlobals) = postSolution
		SolutionGuid = {5DC44543-2940-4D3A-8016-8BBDBDF386FB}
	EndGlobalSection
EndGlobal
